
Microsoft Visual Studio Solution File, Format Version 12.00
# Visual Studio Version 17
VisualStudioVersion = 17.9.34616.47
MinimumVisualStudioVersion = 10.0.40219.1
Project("{9A19103F-16F7-4668-BE54-9A1E7A4F7556}") = "Day1", "Day1\Day1.csproj", "{E3C6E188-FA20-4406-812D-15DEB9DBFE63}"
EndProject
Project("{9A19103F-16F7-4668-BE54-9A1E7A4F7556}") = "Day2", "Day2\Day2.csproj", "{021036AA-B3F1-4EA8-81BA-105156EA5700}"
EndProject
Project("{9A19103F-16F7-4668-BE54-9A1E7A4F7556}") = "Day3", "Day3\Day3.csproj", "{86382859-E6A1-4BB6-AF44-41A8471DF2B3}"
EndProject
Project("{9A19103F-16F7-4668-BE54-9A1E7A4F7556}") = "Day4", "Day4\Day4.csproj", "{319051AF-2C8D-4B64-A5EE-92FDAF0A4F4A}"
EndProject
Project("{9A19103F-16F7-4668-BE54-9A1E7A4F7556}") = "Day5", "Day5\Day5.csproj", "{0BD7B911-5EB3-49E5-B043-A8537A7E23A9}"
EndProject
Project("{9A19103F-16F7-4668-BE54-9A1E7A4F7556}") = "Day6", "Day6\Day6.csproj", "{8A8AD49D-728A-44EC-8219-50DF93C7D71C}"
EndProject
Project("{FAE04EC0-301F-11D3-BF4B-00C04F79EFBC}") = "Day7", "Day7\Day7.csproj", "{E019CD1E-6974-4CCC-9D13-2A4005E15B2B}"
EndProject
Project("{FAE04EC0-301F-11D3-BF4B-00C04F79EFBC}") = "Day8", "Day8\Day8.csproj", "{BC8095FC-F369-4C6C-A242-2A57AF4BFD23}"
EndProject
Global
	GlobalSection(SolutionConfigurationPlatforms) = preSolution
		Debug|Any CPU = Debug|Any CPU
		Release|Any CPU = Release|Any CPU
	EndGlobalSection
	GlobalSection(ProjectConfigurationPlatforms) = postSolution
		{E3C6E188-FA20-4406-812D-15DEB9DBFE63}.Debug|Any CPU.ActiveCfg = Debug|Any CPU
		{E3C6E188-FA20-4406-812D-15DEB9DBFE63}.Debug|Any CPU.Build.0 = Debug|Any CPU
		{E3C6E188-FA20-4406-812D-15DEB9DBFE63}.Release|Any CPU.ActiveCfg = Release|Any CPU
		{E3C6E188-FA20-4406-812D-15DEB9DBFE63}.Release|Any CPU.Build.0 = Release|Any CPU
		{021036AA-B3F1-4EA8-81BA-105156EA5700}.Debug|Any CPU.ActiveCfg = Debug|Any CPU
		{021036AA-B3F1-4EA8-81BA-105156EA5700}.Debug|Any CPU.Build.0 = Debug|Any CPU
		{021036AA-B3F1-4EA8-81BA-105156EA5700}.Release|Any CPU.ActiveCfg = Release|Any CPU
		{021036AA-B3F1-4EA8-81BA-105156EA5700}.Release|Any CPU.Build.0 = Release|Any CPU
		{86382859-E6A1-4BB6-AF44-41A8471DF2B3}.Debug|Any CPU.ActiveCfg = Debug|Any CPU
		{86382859-E6A1-4BB6-AF44-41A8471DF2B3}.Debug|Any CPU.Build.0 = Debug|Any CPU
		{86382859-E6A1-4BB6-AF44-41A8471DF2B3}.Release|Any CPU.ActiveCfg = Release|Any CPU
		{86382859-E6A1-4BB6-AF44-41A8471DF2B3}.Release|Any CPU.Build.0 = Release|Any CPU
		{319051AF-2C8D-4B64-A5EE-92FDAF0A4F4A}.Debug|Any CPU.ActiveCfg = Debug|Any CPU
		{319051AF-2C8D-4B64-A5EE-92FDAF0A4F4A}.Debug|Any CPU.Build.0 = Debug|Any CPU
		{319051AF-2C8D-4B64-A5EE-92FDAF0A4F4A}.Release|Any CPU.ActiveCfg = Release|Any CPU
		{319051AF-2C8D-4B64-A5EE-92FDAF0A4F4A}.Release|Any CPU.Build.0 = Release|Any CPU
		{0BD7B911-5EB3-49E5-B043-A8537A7E23A9}.Debug|Any CPU.ActiveCfg = Debug|Any CPU
		{0BD7B911-5EB3-49E5-B043-A8537A7E23A9}.Debug|Any CPU.Build.0 = Debug|Any CPU
		{0BD7B911-5EB3-49E5-B043-A8537A7E23A9}.Release|Any CPU.ActiveCfg = Release|Any CPU
		{0BD7B911-5EB3-49E5-B043-A8537A7E23A9}.Release|Any CPU.Build.0 = Release|Any CPU
		{8A8AD49D-728A-44EC-8219-50DF93C7D71C}.Debug|Any CPU.ActiveCfg = Debug|Any CPU
		{8A8AD49D-728A-44EC-8219-50DF93C7D71C}.Debug|Any CPU.Build.0 = Debug|Any CPU
		{8A8AD49D-728A-44EC-8219-50DF93C7D71C}.Release|Any CPU.ActiveCfg = Release|Any CPU
		{8A8AD49D-728A-44EC-8219-50DF93C7D71C}.Release|Any CPU.Build.0 = Release|Any CPU
		{E019CD1E-6974-4CCC-9D13-2A4005E15B2B}.Debug|Any CPU.ActiveCfg = Debug|Any CPU
		{E019CD1E-6974-4CCC-9D13-2A4005E15B2B}.Debug|Any CPU.Build.0 = Debug|Any CPU
		{E019CD1E-6974-4CCC-9D13-2A4005E15B2B}.Release|Any CPU.ActiveCfg = Release|Any CPU
		{E019CD1E-6974-4CCC-9D13-2A4005E15B2B}.Release|Any CPU.Build.0 = Release|Any CPU
		{BC8095FC-F369-4C6C-A242-2A57AF4BFD23}.Debug|Any CPU.ActiveCfg = Debug|Any CPU
		{BC8095FC-F369-4C6C-A242-2A57AF4BFD23}.Debug|Any CPU.Build.0 = Debug|Any CPU
		{BC8095FC-F369-4C6C-A242-2A57AF4BFD23}.Release|Any CPU.ActiveCfg = Release|Any CPU
		{BC8095FC-F369-4C6C-A242-2A57AF4BFD23}.Release|Any CPU.Build.0 = Release|Any CPU
	EndGlobalSection
	GlobalSection(SolutionProperties) = preSolution
		HideSolutionNode = FALSE
	EndGlobalSection
	GlobalSection(ExtensibilityGlobals) = postSolution
		SolutionGuid = {664477CB-DDCF-4F22-B150-37E8B1E1CE75}
	EndGlobalSection
EndGlobal
